
Microsoft Visual Studio Solution File, Format Version 12.00
# Visual Studio Version 17
VisualStudioVersion = 17.0.31903.59
MinimumVisualStudioVersion = 10.0.40219.1
Project("{FAE04EC0-301F-11D3-BF4B-00C04F79EFBC}") = "ConsoleApp1", "ConsoleApp1\ConsoleApp1.csproj", "{089C4197-29AA-4EDC-B178-C9FA40D511EA}"
EndProject
Project("{FAE04EC0-301F-11D3-BF4B-00C04F79EFBC}") = "ConsoleApp2", "ConsoleApp2\ConsoleApp2.csproj", "{E105C5EF-51FD-45E5-9982-FD26CC23C110}"
EndProject
Project("{FAE04EC0-301F-11D3-BF4B-00C04F79EFBC}") = "ConsoleApp3", "ConsoleApp3\ConsoleApp3.csproj", "{9FE3E12B-05E1-44D0-9C01-E4C1EA9E415B}"
EndProject
Global
	GlobalSection(SolutionConfigurationPlatforms) = preSolution
		Debug|Any CPU = Debug|Any CPU
		Release|Any CPU = Release|Any CPU
	EndGlobalSection
	GlobalSection(ProjectConfigurationPlatforms) = postSolution
		{089C4197-29AA-4EDC-B178-C9FA40D511EA}.Debug|Any CPU.ActiveCfg = Debug|Any CPU
		{089C4197-29AA-4EDC-B178-C9FA40D511EA}.Debug|Any CPU.Build.0 = Debug|Any CPU
		{089C4197-29AA-4EDC-B178-C9FA40D511EA}.Release|Any CPU.ActiveCfg = Release|Any CPU
		{089C4197-29AA-4EDC-B178-C9FA40D511EA}.Release|Any CPU.Build.0 = Release|Any CPU
		{E105C5EF-51FD-45E5-9982-FD26CC23C110}.Debug|Any CPU.ActiveCfg = Debug|Any CPU
		{E105C5EF-51FD-45E5-9982-FD26CC23C110}.Debug|Any CPU.Build.0 = Debug|Any CPU
		{E105C5EF-51FD-45E5-9982-FD26CC23C110}.Release|Any CPU.ActiveCfg = Release|Any CPU
		{E105C5EF-51FD-45E5-9982-FD26CC23C110}.Release|Any CPU.Build.0 = Release|Any CPU
		{9FE3E12B-05E1-44D0-9C01-E4C1EA9E415B}.Debug|Any CPU.ActiveCfg = Debug|Any CPU
		{9FE3E12B-05E1-44D0-9C01-E4C1EA9E415B}.Debug|Any CPU.Build.0 = Debug|Any CPU
		{9FE3E12B-05E1-44D0-9C01-E4C1EA9E415B}.Release|Any CPU.ActiveCfg = Release|Any CPU
		{9FE3E12B-05E1-44D0-9C01-E4C1EA9E415B}.Release|Any CPU.Build.0 = Release|Any CPU
	EndGlobalSection
	GlobalSection(SolutionProperties) = preSolution
		HideSolutionNode = FALSE
	EndGlobalSection
	GlobalSection(ExtensibilityGlobals) = postSolution
		SolutionGuid = {A3A37893-26A1-48BA-9F75-8620307F3A36}
	EndGlobalSection
EndGlobal
